
Microsoft Visual Studio Solution File, Format Version 12.00
# Visual Studio Version 16
VisualStudioVersion = 16.0.31729.503
MinimumVisualStudioVersion = 10.0.40219.1
Project("{9092AA53-FB77-4645-B42D-1CCCA6BD08BD}") = "Project3.js", "Project3.js.njsproj", "{4AEF5ADC-4138-427B-9E95-1C185CAD4BC0}"
EndProject
Global
	GlobalSection(SolutionConfigurationPlatforms) = preSolution
		Debug|Any CPU = Debug|Any CPU
		Release|Any CPU = Release|Any CPU
	EndGlobalSection
	GlobalSection(ProjectConfigurationPlatforms) = postSolution
		{4AEF5ADC-4138-427B-9E95-1C185CAD4BC0}.Debug|Any CPU.ActiveCfg = Debug|Any CPU
		{4AEF5ADC-4138-427B-9E95-1C185CAD4BC0}.Debug|Any CPU.Build.0 = Debug|Any CPU
		{4AEF5ADC-4138-427B-9E95-1C185CAD4BC0}.Release|Any CPU.ActiveCfg = Release|Any CPU
		{4AEF5ADC-4138-427B-9E95-1C185CAD4BC0}.Release|Any CPU.Build.0 = Release|Any CPU
	EndGlobalSection
	GlobalSection(SolutionProperties) = preSolution
		HideSolutionNode = FALSE
	EndGlobalSection
	GlobalSection(ExtensibilityGlobals) = postSolution
		SolutionGuid = {D0B7A888-E1F9-493F-9EFC-AA3208C58E0B}
	EndGlobalSection
EndGlobal
